// !$*UTF8*$!
{
	archiveVersion = 1;
	classes = {
	};
	objectVersion = 56;
	objects = {

/* Begin PBXBuildFile section */
		66718C832B0F72DA00274D44 /* AppDelegate.swift in Sources */ = {isa = PBXBuildFile; fileRef = 66718C822B0F72DA00274D44 /* AppDelegate.swift */; };
		66718C852B0F72DA00274D44 /* SceneDelegate.swift in Sources */ = {isa = PBXBuildFile; fileRef = 66718C842B0F72DA00274D44 /* SceneDelegate.swift */; };
		66718C872B0F72DA00274D44 /* ViewController.swift in Sources */ = {isa = PBXBuildFile; fileRef = 66718C862B0F72DA00274D44 /* ViewController.swift */; };
		66718C8C2B0F72DB00274D44 /* Assets.xcassets in Resources */ = {isa = PBXBuildFile; fileRef = 66718C8B2B0F72DB00274D44 /* Assets.xcassets */; };
		66718C8F2B0F72DB00274D44 /* LaunchScreen.storyboard in Resources */ = {isa = PBXBuildFile; fileRef = 66718C8D2B0F72DB00274D44 /* LaunchScreen.storyboard */; };
		66718C9A2B0F72DB00274D44 /* example01Tests.swift in Sources */ = {isa = PBXBuildFile; fileRef = 66718C992B0F72DB00274D44 /* example01Tests.swift */; };
		66718CA42B0F72DB00274D44 /* example01UITests.swift in Sources */ = {isa = PBXBuildFile; fileRef = 66718CA32B0F72DB00274D44 /* example01UITests.swift */; };
		66718CA62B0F72DB00274D44 /* example01UITestsLaunchTests.swift in Sources */ = {isa = PBXBuildFile; fileRef = 66718CA52B0F72DB00274D44 /* example01UITestsLaunchTests.swift */; };
		66718CB32B0F963500274D44 /* NewViewController.swift in Sources */ = {isa = PBXBuildFile; fileRef = 66718CB22B0F963500274D44 /* NewViewController.swift */; };
/* End PBXBuildFile section */

/* Begin PBXContainerItemProxy section */
		66718C962B0F72DB00274D44 /* PBXContainerItemProxy */ = {
			isa = PBXContainerItemProxy;
			containerPortal = 66718C772B0F72DA00274D44 /* Project object */;
			proxyType = 1;
			remoteGlobalIDString = 66718C7E2B0F72DA00274D44;
			remoteInfo = example01;
		};
		66718CA02B0F72DB00274D44 /* PBXContainerItemProxy */ = {
			isa = PBXContainerItemProxy;
			containerPortal = 66718C772B0F72DA00274D44 /* Project object */;
			proxyType = 1;
			remoteGlobalIDString = 66718C7E2B0F72DA00274D44;
			remoteInfo = example01;
		};
/* End PBXContainerItemProxy section */

/* Begin PBXFileReference section */
		66718C7F2B0F72DA00274D44 /* example01.app */ = {isa = PBXFileReference; explicitFileType = wrapper.application; includeInIndex = 0; path = example01.app; sourceTree = BUILT_PRODUCTS_DIR; };
		66718C822B0F72DA00274D44 /* AppDelegate.swift */ = {isa = PBXFileReference; lastKnownFileType = sourcecode.swift; path = AppDelegate.swift; sourceTree = "<group>"; };
		66718C842B0F72DA00274D44 /* SceneDelegate.swift */ = {isa = PBXFileReference; lastKnownFileType = sourcecode.swift; path = SceneDelegate.swift; sourceTree = "<group>"; };
		66718C862B0F72DA00274D44 /* ViewController.swift */ = {isa = PBXFileReference; lastKnownFileType = sourcecode.swift; path = ViewController.swift; sourceTree = "<group>"; };
		66718C8B2B0F72DB00274D44 /* Assets.xcassets */ = {isa = PBXFileReference; lastKnownFileType = folder.assetcatalog; path = Assets.xcassets; sourceTree = "<group>"; };
		66718C8E2B0F72DB00274D44 /* Base */ = {isa = PBXFileReference; lastKnownFileType = file.storyboard; name = Base; path = Base.lproj/LaunchScreen.storyboard; sourceTree = "<group>"; };
		66718C902B0F72DB00274D44 /* Info.plist */ = {isa = PBXFileReference; lastKnownFileType = text.plist.xml; path = Info.plist; sourceTree = "<group>"; };
		66718C952B0F72DB00274D44 /* example01Tests.xctest */ = {isa = PBXFileReference; explicitFileType = wrapper.cfbundle; includeInIndex = 0; path = example01Tests.xctest; sourceTree = BUILT_PRODUCTS_DIR; };
		66718C992B0F72DB00274D44 /* example01Tests.swift */ = {isa = PBXFileReference; lastKnownFileType = sourcecode.swift; path = example01Tests.swift; sourceTree = "<group>"; };
		66718C9F2B0F72DB00274D44 /* example01UITests.xctest */ = {isa = PBXFileReference; explicitFileType = wrapper.cfbundle; includeInIndex = 0; path = example01UITests.xctest; sourceTree = BUILT_PRODUCTS_DIR; };
		66718CA32B0F72DB00274D44 /* example01UITests.swift */ = {isa = PBXFileReference; lastKnownFileType = sourcecode.swift; path = example01UITests.swift; sourceTree = "<group>"; };
		66718CA52B0F72DB00274D44 /* example01UITestsLaunchTests.swift */ = {isa = PBXFileReference; lastKnownFileType = sourcecode.swift; path = example01UITestsLaunchTests.swift; sourceTree = "<group>"; };
		66718CB22B0F963500274D44 /* NewViewController.swift */ = {isa = PBXFileReference; lastKnownFileType = sourcecode.swift; path = NewViewController.swift; sourceTree = "<group>"; };
/* End PBXFileReference section */

/* Begin PBXFrameworksBuildPhase section */
		66718C7C2B0F72DA00274D44 /* Frameworks */ = {
			isa = PBXFrameworksBuildPhase;
			buildActionMask = 2147483647;
			files = (
			);
			runOnlyForDeploymentPostprocessing = 0;
		};
		66718C922B0F72DB00274D44 /* Frameworks */ = {
			isa = PBXFrameworksBuildPhase;
			buildActionMask = 2147483647;
			files = (
			);
			runOnlyForDeploymentPostprocessing = 0;
		};
		66718C9C2B0F72DB00274D44 /* Frameworks */ = {
			isa = PBXFrameworksBuildPhase;
			buildActionMask = 2147483647;
			files = (
			);
			runOnlyForDeploymentPostprocessing = 0;
		};
/* End PBXFrameworksBuildPhase section */

/* Begin PBXGroup section */
		66718C762B0F72DA00274D44 = {
			isa = PBXGroup;
			children = (
				66718C812B0F72DA00274D44 /* example01 */,
				66718C982B0F72DB00274D44 /* example01Tests */,
				66718CA22B0F72DB00274D44 /* example01UITests */,
				66718C802B0F72DA00274D44 /* Products */,
			);
			sourceTree = "<group>";
		};
		66718C802B0F72DA00274D44 /* Products */ = {
			isa = PBXGroup;
			children = (
				66718C7F2B0F72DA00274D44 /* example01.app */,
				66718C952B0F72DB00274D44 /* example01Tests.xctest */,
				66718C9F2B0F72DB00274D44 /* example01UITests.xctest */,
			);
			name = Products;
			sourceTree = "<group>";
		};
		66718C812B0F72DA00274D44 /* example01 */ = {
			isa = PBXGroup;
			children = (
				66718C822B0F72DA00274D44 /* AppDelegate.swift */,
				66718C842B0F72DA00274D44 /* SceneDelegate.swift */,
				66718C862B0F72DA00274D44 /* ViewController.swift */,
				66718C8B2B0F72DB00274D44 /* Assets.xcassets */,
				66718C8D2B0F72DB00274D44 /* LaunchScreen.storyboard */,
				66718C902B0F72DB00274D44 /* Info.plist */,
				66718CB22B0F963500274D44 /* NewViewController.swift */,
			);
			path = example01;
			sourceTree = "<group>";
		};
		66718C982B0F72DB00274D44 /* example01Tests */ = {
			isa = PBXGroup;
			children = (
				66718C992B0F72DB00274D44 /* example01Tests.swift */,
			);
			path = example01Tests;
			sourceTree = "<group>";
		};
		66718CA22B0F72DB00274D44 /* example01UITests */ = {
			isa = PBXGroup;
			children = (
				66718CA32B0F72DB00274D44 /* example01UITests.swift */,
				66718CA52B0F72DB00274D44 /* example01UITestsLaunchTests.swift */,
			);
			path = example01UITests;
			sourceTree = "<group>";
		};
/* End PBXGroup section */

/* Begin PBXNativeTarget section */
		66718C7E2B0F72DA00274D44 /* example01 */ = {
			isa = PBXNativeTarget;
			buildConfigurationList = 66718CA92B0F72DB00274D44 /* Build configuration list for PBXNativeTarget "example01" */;
			buildPhases = (
				66718C7B2B0F72DA00274D44 /* Sources */,
				66718C7C2B0F72DA00274D44 /* Frameworks */,
				66718C7D2B0F72DA00274D44 /* Resources */,
			);
			buildRules = (
			);
			dependencies = (
			);
			name = example01;
			productName = example01;
			productReference = 66718C7F2B0F72DA00274D44 /* example01.app */;
			productType = "com.apple.product-type.application";
		};
		66718C942B0F72DB00274D44 /* example01Tests */ = {
			isa = PBXNativeTarget;
			buildConfigurationList = 66718CAC2B0F72DB00274D44 /* Build configuration list for PBXNativeTarget "example01Tests" */;
			buildPhases = (
				66718C912B0F72DB00274D44 /* Sources */,
				66718C922B0F72DB00274D44 /* Frameworks */,
				66718C932B0F72DB00274D44 /* Resources */,
			);
			buildRules = (
			);
			dependencies = (
				66718C972B0F72DB00274D44 /* PBXTargetDependency */,
			);
			name = example01Tests;
			productName = example01Tests;
			productReference = 66718C952B0F72DB00274D44 /* example01Tests.xctest */;
			productType = "com.apple.product-type.bundle.unit-test";
		};
		66718C9E2B0F72DB00274D44 /* example01UITests */ = {
			isa = PBXNativeTarget;
			buildConfigurationList = 66718CAF2B0F72DB00274D44 /* Build configuration list for PBXNativeTarget "example01UITests" */;
			buildPhases = (
				66718C9B2B0F72DB00274D44 /* Sources */,
				66718C9C2B0F72DB00274D44 /* Frameworks */,
				66718C9D2B0F72DB00274D44 /* Resources */,
			);
			buildRules = (
			);
			dependencies = (
				66718CA12B0F72DB00274D44 /* PBXTargetDependency */,
			);
			name = example01UITests;
			productName = example01UITests;
			productReference = 66718C9F2B0F72DB00274D44 /* example01UITests.xctest */;
			productType = "com.apple.product-type.bundle.ui-testing";
		};
/* End PBXNativeTarget section */

/* Begin PBXProject section */
		66718C772B0F72DA00274D44 /* Project object */ = {
			isa = PBXProject;
			attributes = {
				BuildIndependentTargetsInParallel = 1;
				LastSwiftUpdateCheck = 1430;
				LastUpgradeCheck = 1430;
				TargetAttributes = {
					66718C7E2B0F72DA00274D44 = {
						CreatedOnToolsVersion = 14.3.1;
					};
					66718C942B0F72DB00274D44 = {
						CreatedOnToolsVersion = 14.3.1;
						TestTargetID = 66718C7E2B0F72DA00274D44;
					};
					66718C9E2B0F72DB00274D44 = {
						CreatedOnToolsVersion = 14.3.1;
						TestTargetID = 66718C7E2B0F72DA00274D44;
					};
				};
			};
			buildConfigurationList = 66718C7A2B0F72DA00274D44 /* Build configuration list for PBXProject "example01" */;
			compatibilityVersion = "Xcode 14.0";
			developmentRegion = en;
			hasScannedForEncodings = 0;
			knownRegions = (
				en,
				Base,
			);
			mainGroup = 66718C762B0F72DA00274D44;
			productRefGroup = 66718C802B0F72DA00274D44 /* Products */;
			projectDirPath = "";
			projectRoot = "";
			targets = (
				66718C7E2B0F72DA00274D44 /* example01 */,
				66718C942B0F72DB00274D44 /* example01Tests */,
				66718C9E2B0F72DB00274D44 /* example01UITests */,
			);
		};
/* End PBXProject section */

/* Begin PBXResourcesBuildPhase section */
		66718C7D2B0F72DA00274D44 /* Resources */ = {
			isa = PBXResourcesBuildPhase;
			buildActionMask = 2147483647;
			files = (
				66718C8F2B0F72DB00274D44 /* LaunchScreen.storyboard in Resources */,
				66718C8C2B0F72DB00274D44 /* Assets.xcassets in Resources */,
			);
			runOnlyForDeploymentPostprocessing = 0;
		};
		66718C932B0F72DB00274D44 /* Resources */ = {
			isa = PBXResourcesBuildPhase;
			buildActionMask = 2147483647;
			files = (
			);
			runOnlyForDeploymentPostprocessing = 0;
		};
		66718C9D2B0F72DB00274D44 /* Resources */ = {
			isa = PBXResourcesBuildPhase;
			buildActionMask = 2147483647;
			files = (
			);
			runOnlyForDeploymentPostprocessing = 0;
		};
/* End PBXResourcesBuildPhase section */

/* Begin PBXSourcesBuildPhase section */
		66718C7B2B0F72DA00274D44 /* Sources */ = {
			isa = PBXSourcesBuildPhase;
			buildActionMask = 2147483647;
			files = (
				66718C872B0F72DA00274D44 /* ViewController.swift in Sources */,
				66718C832B0F72DA00274D44 /* AppDelegate.swift in Sources */,
				66718C852B0F72DA00274D44 /* SceneDelegate.swift in Sources */,
				66718CB32B0F963500274D44 /* NewViewController.swift in Sources */,
			);
			runOnlyForDeploymentPostprocessing = 0;
		};
		66718C912B0F72DB00274D44 /* Sources */ = {
			isa = PBXSourcesBuildPhase;
			buildActionMask = 2147483647;
			files = (
				66718C9A2B0F72DB00274D44 /* example01Tests.swift in Sources */,
			);
			runOnlyForDeploymentPostprocessing = 0;
		};
		66718C9B2B0F72DB00274D44 /* Sources */ = {
			isa = PBXSourcesBuildPhase;
			buildActionMask = 2147483647;
			files = (
				66718CA62B0F72DB00274D44 /* example01UITestsLaunchTests.swift in Sources */,
				66718CA42B0F72DB00274D44 /* example01UITests.swift in Sources */,
			);
			runOnlyForDeploymentPostprocessing = 0;
		};
/* End PBXSourcesBuildPhase section */

/* Begin PBXTargetDependency section */
		66718C972B0F72DB00274D44 /* PBXTargetDependency */ = {
			isa = PBXTargetDependency;
			target = 66718C7E2B0F72DA00274D44 /* example01 */;
			targetProxy = 66718C962B0F72DB00274D44 /* PBXContainerItemProxy */;
		};
		66718CA12B0F72DB00274D44 /* PBXTargetDependency */ = {
			isa = PBXTargetDependency;
			target = 66718C7E2B0F72DA00274D44 /* example01 */;
			targetProxy = 66718CA02B0F72DB00274D44 /* PBXContainerItemProxy */;
		};
/* End PBXTargetDependency section */

/* Begin PBXVariantGroup section */
		66718C8D2B0F72DB00274D44 /* LaunchScreen.storyboard */ = {
			isa = PBXVariantGroup;
			children = (
				66718C8E2B0F72DB00274D44 /* Base */,
			);
			name = LaunchScreen.storyboard;
			sourceTree = "<group>";
		};
/* End PBXVariantGroup section */

/* Begin XCBuildConfiguration section */
		66718CA72B0F72DB00274D44 /* Debug */ = {
			isa = XCBuildConfiguration;
			buildSettings = {
				ALWAYS_SEARCH_USER_PATHS = NO;
				CLANG_ANALYZER_NONNULL = YES;
				CLANG_ANALYZER_NUMBER_OBJECT_CONVERSION = YES_AGGRESSIVE;
				CLANG_CXX_LANGUAGE_STANDARD = "gnu++20";
				CLANG_ENABLE_MODULES = YES;
				CLANG_ENABLE_OBJC_ARC = YES;
				CLANG_ENABLE_OBJC_WEAK = YES;
				CLANG_WARN_BLOCK_CAPTURE_AUTORELEASING = YES;
				CLANG_WARN_BOOL_CONVERSION = YES;
				CLANG_WARN_COMMA = YES;
				CLANG_WARN_CONSTANT_CONVERSION = YES;
				CLANG_WARN_DEPRECATED_OBJC_IMPLEMENTATIONS = YES;
				CLANG_WARN_DIRECT_OBJC_ISA_USAGE = YES_ERROR;
				CLANG_WARN_DOCUMENTATION_COMMENTS = YES;
				CLANG_WARN_EMPTY_BODY = YES;
				CLANG_WARN_ENUM_CONVERSION = YES;
				CLANG_WARN_INFINITE_RECURSION = YES;
				CLANG_WARN_INT_CONVERSION = YES;
				CLANG_WARN_NON_LITERAL_NULL_CONVERSION = YES;
				CLANG_WARN_OBJC_IMPLICIT_RETAIN_SELF = YES;
				CLANG_WARN_OBJC_LITERAL_CONVERSION = YES;
				CLANG_WARN_OBJC_ROOT_CLASS = YES_ERROR;
				CLANG_WARN_QUOTED_INCLUDE_IN_FRAMEWORK_HEADER = YES;
				CLANG_WARN_RANGE_LOOP_ANALYSIS = YES;
				CLANG_WARN_STRICT_PROTOTYPES = YES;
				CLANG_WARN_SUSPICIOUS_MOVE = YES;
				CLANG_WARN_UNGUARDED_AVAILABILITY = YES_AGGRESSIVE;
				CLANG_WARN_UNREACHABLE_CODE = YES;
				CLANG_WARN__DUPLICATE_METHOD_MATCH = YES;
				COPY_PHASE_STRIP = NO;
				DEBUG_INFORMATION_FORMAT = dwarf;
				ENABLE_STRICT_OBJC_MSGSEND = YES;
				ENABLE_TESTABILITY = YES;
				GCC_C_LANGUAGE_STANDARD = gnu11;
				GCC_DYNAMIC_NO_PIC = NO;
				GCC_NO_COMMON_BLOCKS = YES;
				GCC_OPTIMIZATION_LEVEL = 0;
				GCC_PREPROCESSOR_DEFINITIONS = (
					"DEBUG=1",
					"$(inherited)",
				);
				GCC_WARN_64_TO_32_BIT_CONVERSION = YES;
				GCC_WARN_ABOUT_RETURN_TYPE = YES_ERROR;
				GCC_WARN_UNDECLARED_SELECTOR = YES;
				GCC_WARN_UNINITIALIZED_AUTOS = YES_AGGRESSIVE;
				GCC_WARN_UNUSED_FUNCTION = YES;
				GCC_WARN_UNUSED_VARIABLE = YES;
				IPHONEOS_DEPLOYMENT_TARGET = 16.4;
				MTL_ENABLE_DEBUG_INFO = INCLUDE_SOURCE;
				MTL_FAST_MATH = YES;
				ONLY_ACTIVE_ARCH = YES;
				SDKROOT = iphoneos;
				SWIFT_ACTIVE_COMPILATION_CONDITIONS = DEBUG;
				SWIFT_OPTIMIZATION_LEVEL = "-Onone";
			};
			name = Debug;
		};
		66718CA82B0F72DB00274D44 /* Release */ = {
			isa = XCBuildConfiguration;
			buildSettings = {
				ALWAYS_SEARCH_USER_PATHS = NO;
				CLANG_ANALYZER_NONNULL = YES;
				CLANG_ANALYZER_NUMBER_OBJECT_CONVERSION = YES_AGGRESSIVE;
				CLANG_CXX_LANGUAGE_STANDARD = "gnu++20";
				CLANG_ENABLE_MODULES = YES;
				CLANG_ENABLE_OBJC_ARC = YES;
				CLANG_ENABLE_OBJC_WEAK = YES;
				CLANG_WARN_BLOCK_CAPTURE_AUTORELEASING = YES;
				CLANG_WARN_BOOL_CONVERSION = YES;
				CLANG_WARN_COMMA = YES;
				CLANG_WARN_CONSTANT_CONVERSION = YES;
				CLANG_WARN_DEPRECATED_OBJC_IMPLEMENTATIONS = YES;
				CLANG_WARN_DIRECT_OBJC_ISA_USAGE = YES_ERROR;
				CLANG_WARN_DOCUMENTATION_COMMENTS = YES;
				CLANG_WARN_EMPTY_BODY = YES;
				CLANG_WARN_ENUM_CONVERSION = YES;
				CLANG_WARN_INFINITE_RECURSION = YES;
				CLANG_WARN_INT_CONVERSION = YES;
				CLANG_WARN_NON_LITERAL_NULL_CONVERSION = YES;
				CLANG_WARN_OBJC_IMPLICIT_RETAIN_SELF = YES;
				CLANG_WARN_OBJC_LITERAL_CONVERSION = YES;
				CLANG_WARN_OBJC_ROOT_CLASS = YES_ERROR;
				CLANG_WARN_QUOTED_INCLUDE_IN_FRAMEWORK_HEADER = YES;
				CLANG_WARN_RANGE_LOOP_ANALYSIS = YES;
				CLANG_WARN_STRICT_PROTOTYPES = YES;
				CLANG_WARN_SUSPICIOUS_MOVE = YES;
				CLANG_WARN_UNGUARDED_AVAILABILITY = YES_AGGRESSIVE;
				CLANG_WARN_UNREACHABLE_CODE = YES;
				CLANG_WARN__DUPLICATE_METHOD_MATCH = YES;
				COPY_PHASE_STRIP = NO;
				DEBUG_INFORMATION_FORMAT = "dwarf-with-dsym";
				ENABLE_NS_ASSERTIONS = NO;
				ENABLE_STRICT_OBJC_MSGSEND = YES;
				GCC_C_LANGUAGE_STANDARD = gnu11;
				GCC_NO_COMMON_BLOCKS = YES;
				GCC_WARN_64_TO_32_BIT_CONVERSION = YES;
				GCC_WARN_ABOUT_RETURN_TYPE = YES_ERROR;
				GCC_WARN_UNDECLARED_SELECTOR = YES;
				GCC_WARN_UNINITIALIZED_AUTOS = YES_AGGRESSIVE;
				GCC_WARN_UNUSED_FUNCTION = YES;
				GCC_WARN_UNUSED_VARIABLE = YES;
				IPHONEOS_DEPLOYMENT_TARGET = 16.4;
				MTL_ENABLE_DEBUG_INFO = NO;
				MTL_FAST_MATH = YES;
				SDKROOT = iphoneos;
				SWIFT_COMPILATION_MODE = wholemodule;
				SWIFT_OPTIMIZATION_LEVEL = "-O";
				VALIDATE_PRODUCT = YES;
			};
			name = Release;
		};
		66718CAA2B0F72DB00274D44 /* Debug */ = {
			isa = XCBuildConfiguration;
			buildSettings = {
				ASSETCATALOG_COMPILER_APPICON_NAME = AppIcon;
				ASSETCATALOG_COMPILER_GLOBAL_ACCENT_COLOR_NAME = AccentColor;
				CODE_SIGN_STYLE = Automatic;
				CURRENT_PROJECT_VERSION = 1;
				DEVELOPMENT_TEAM = B8JQB3WW59;
				GENERATE_INFOPLIST_FILE = YES;
				INFOPLIST_FILE = example01/Info.plist;
				INFOPLIST_KEY_UIApplicationSupportsIndirectInputEvents = YES;
				INFOPLIST_KEY_UILaunchStoryboardName = LaunchScreen;
				INFOPLIST_KEY_UISupportedInterfaceOrientations_iPad = "UIInterfaceOrientationPortrait UIInterfaceOrientationPortraitUpsideDown UIInterfaceOrientationLandscapeLeft UIInterfaceOrientationLandscapeRight";
				INFOPLIST_KEY_UISupportedInterfaceOrientations_iPhone = "UIInterfaceOrientationPortrait UIInterfaceOrientationLandscapeLeft UIInterfaceOrientationLandscapeRight";
				LD_RUNPATH_SEARCH_PATHS = (
					"$(inherited)",
					"@executable_path/Frameworks",
				);
				MARKETING_VERSION = 1.0;
				PRODUCT_BUNDLE_IDENTIFIER = com.yakovpn.example01;
				PRODUCT_NAME = "$(TARGET_NAME)";
				SWIFT_EMIT_LOC_STRINGS = YES;
				SWIFT_VERSION = 5.0;
				TARGETED_DEVICE_FAMILY = "1,2";
			};
			name = Debug;
		};
		66718CAB2B0F72DB00274D44 /* Release */ = {
			isa = XCBuildConfiguration;
			buildSettings = {
				ASSETCATALOG_COMPILER_APPICON_NAME = AppIcon;
				ASSETCATALOG_COMPILER_GLOBAL_ACCENT_COLOR_NAME = AccentColor;
				CODE_SIGN_STYLE = Automatic;
				CURRENT_PROJECT_VERSION = 1;
				DEVELOPMENT_TEAM = B8JQB3WW59;
				GENERATE_INFOPLIST_FILE = YES;
				INFOPLIST_FILE = example01/Info.plist;
				INFOPLIST_KEY_UIApplicationSupportsIndirectInputEvents = YES;
				INFOPLIST_KEY_UILaunchStoryboardName = LaunchScreen;
				INFOPLIST_KEY_UISupportedInterfaceOrientations_iPad = "UIInterfaceOrientationPortrait UIInterfaceOrientationPortraitUpsideDown UIInterfaceOrientationLandscapeLeft UIInterfaceOrientationLandscapeRight";
				INFOPLIST_KEY_UISupportedInterfaceOrientations_iPhone = "UIInterfaceOrientationPortrait UIInterfaceOrientationLandscapeLeft UIInterfaceOrientationLandscapeRight";
				LD_RUNPATH_SEARCH_PATHS = (
					"$(inherited)",
					"@executable_path/Frameworks",
				);
				MARKETING_VERSION = 1.0;
				PRODUCT_BUNDLE_IDENTIFIER = com.yakovpn.example01;
				PRODUCT_NAME = "$(TARGET_NAME)";
				SWIFT_EMIT_LOC_STRINGS = YES;
				SWIFT_VERSION = 5.0;
				TARGETED_DEVICE_FAMILY = "1,2";
			};
			name = Release;
		};
		66718CAD2B0F72DB00274D44 /* Debug */ = {
			isa = XCBuildConfiguration;
			buildSettings = {
				ALWAYS_EMBED_SWIFT_STANDARD_LIBRARIES = YES;
				BUNDLE_LOADER = "$(TEST_HOST)";
				CODE_SIGN_STYLE = Automatic;
				CURRENT_PROJECT_VERSION = 1;
				DEVELOPMENT_TEAM = B8JQB3WW59;
				GENERATE_INFOPLIST_FILE = YES;
				IPHONEOS_DEPLOYMENT_TARGET = 16.4;
				MARKETING_VERSION = 1.0;
				PRODUCT_BUNDLE_IDENTIFIER = com.yakovpn.example01Tests;
				PRODUCT_NAME = "$(TARGET_NAME)";
				SWIFT_EMIT_LOC_STRINGS = NO;
				SWIFT_VERSION = 5.0;
				TARGETED_DEVICE_FAMILY = "1,2";
				TEST_HOST = "$(BUILT_PRODUCTS_DIR)/example01.app/$(BUNDLE_EXECUTABLE_FOLDER_PATH)/example01";
			};
			name = Debug;
		};
		66718CAE2B0F72DB00274D44 /* Release */ = {
			isa = XCBuildConfiguration;
			buildSettings = {
				ALWAYS_EMBED_SWIFT_STANDARD_LIBRARIES = YES;
				BUNDLE_LOADER = "$(TEST_HOST)";
				CODE_SIGN_STYLE = Automatic;
				CURRENT_PROJECT_VERSION = 1;
				DEVELOPMENT_TEAM = B8JQB3WW59;
				GENERATE_INFOPLIST_FILE = YES;
				IPHONEOS_DEPLOYMENT_TARGET = 16.4;
				MARKETING_VERSION = 1.0;
				PRODUCT_BUNDLE_IDENTIFIER = com.yakovpn.example01Tests;
				PRODUCT_NAME = "$(TARGET_NAME)";
				SWIFT_EMIT_LOC_STRINGS = NO;
				SWIFT_VERSION = 5.0;
				TARGETED_DEVICE_FAMILY = "1,2";
				TEST_HOST = "$(BUILT_PRODUCTS_DIR)/example01.app/$(BUNDLE_EXECUTABLE_FOLDER_PATH)/example01";
			};
			name = Release;
		};
		66718CB02B0F72DB00274D44 /* Debug */ = {
			isa = XCBuildConfiguration;
			buildSettings = {
				ALWAYS_EMBED_SWIFT_STANDARD_LIBRARIES = YES;
				CODE_SIGN_STYLE = Automatic;
				CURRENT_PROJECT_VERSION = 1;
				DEVELOPMENT_TEAM = B8JQB3WW59;
				GENERATE_INFOPLIST_FILE = YES;
				MARKETING_VERSION = 1.0;
				PRODUCT_BUNDLE_IDENTIFIER = com.yakovpn.example01UITests;
				PRODUCT_NAME = "$(TARGET_NAME)";
				SWIFT_EMIT_LOC_STRINGS = NO;
				SWIFT_VERSION = 5.0;
				TARGETED_DEVICE_FAMILY = "1,2";
				TEST_TARGET_NAME = example01;
			};
			name = Debug;
		};
		66718CB12B0F72DB00274D44 /* Release */ = {
			isa = XCBuildConfiguration;
			buildSettings = {
				ALWAYS_EMBED_SWIFT_STANDARD_LIBRARIES = YES;
				CODE_SIGN_STYLE = Automatic;
				CURRENT_PROJECT_VERSION = 1;
				DEVELOPMENT_TEAM = B8JQB3WW59;
				GENERATE_INFOPLIST_FILE = YES;
				MARKETING_VERSION = 1.0;
				PRODUCT_BUNDLE_IDENTIFIER = com.yakovpn.example01UITests;
				PRODUCT_NAME = "$(TARGET_NAME)";
				SWIFT_EMIT_LOC_STRINGS = NO;
				SWIFT_VERSION = 5.0;
				TARGETED_DEVICE_FAMILY = "1,2";
				TEST_TARGET_NAME = example01;
			};
			name = Release;
		};
/* End XCBuildConfiguration section */

/* Begin XCConfigurationList section */
		66718C7A2B0F72DA00274D44 /* Build configuration list for PBXProject "example01" */ = {
			isa = XCConfigurationList;
			buildConfigurations = (
				66718CA72B0F72DB00274D44 /* Debug */,
				66718CA82B0F72DB00274D44 /* Release */,
			);
			defaultConfigurationIsVisible = 0;
			defaultConfigurationName = Release;
		};
		66718CA92B0F72DB00274D44 /* Build configuration list for PBXNativeTarget "example01" */ = {
			isa = XCConfigurationList;
			buildConfigurations = (
				66718CAA2B0F72DB00274D44 /* Debug */,
				66718CAB2B0F72DB00274D44 /* Release */,
			);
			defaultConfigurationIsVisible = 0;
			defaultConfigurationName = Release;
		};
		66718CAC2B0F72DB00274D44 /* Build configuration list for PBXNativeTarget "example01Tests" */ = {
			isa = XCConfigurationList;
			buildConfigurations = (
				66718CAD2B0F72DB00274D44 /* Debug */,
				66718CAE2B0F72DB00274D44 /* Release */,
			);
			defaultConfigurationIsVisible = 0;
			defaultConfigurationName = Release;
		};
		66718CAF2B0F72DB00274D44 /* Build configuration list for PBXNativeTarget "example01UITests" */ = {
			isa = XCConfigurationList;
			buildConfigurations = (
				66718CB02B0F72DB00274D44 /* Debug */,
				66718CB12B0F72DB00274D44 /* Release */,
			);
			defaultConfigurationIsVisible = 0;
			defaultConfigurationName = Release;
		};
/* End XCConfigurationList section */
	};
	rootObject = 66718C772B0F72DA00274D44 /* Project object */;
}
