// !$*UTF8*$!
{
	archiveVersion = 1;
	classes = {
	};
	objectVersion = 56;
	objects = {

/* Begin PBXBuildFile section */
		668F3A262B287E9A00B7E086 /* AppDelegate.swift in Sources */ = {isa = PBXBuildFile; fileRef = 668F3A252B287E9A00B7E086 /* AppDelegate.swift */; };
		668F3A282B287E9A00B7E086 /* SceneDelegate.swift in Sources */ = {isa = PBXBuildFile; fileRef = 668F3A272B287E9A00B7E086 /* SceneDelegate.swift */; };
		668F3A2A2B287E9A00B7E086 /* ViewController.swift in Sources */ = {isa = PBXBuildFile; fileRef = 668F3A292B287E9A00B7E086 /* ViewController.swift */; };
		668F3A2F2B287E9C00B7E086 /* Assets.xcassets in Resources */ = {isa = PBXBuildFile; fileRef = 668F3A2E2B287E9C00B7E086 /* Assets.xcassets */; };
		668F3A322B287E9C00B7E086 /* LaunchScreen.storyboard in Resources */ = {isa = PBXBuildFile; fileRef = 668F3A302B287E9C00B7E086 /* LaunchScreen.storyboard */; };
		66A259B02B289C910054B6CE /* TabBarController.swift in Sources */ = {isa = PBXBuildFile; fileRef = 66A259AF2B289C910054B6CE /* TabBarController.swift */; };
		66A259BA2B289E030054B6CE /* PhotosController.swift in Sources */ = {isa = PBXBuildFile; fileRef = 66A259B22B289E020054B6CE /* PhotosController.swift */; };
		66A259BB2B289E030054B6CE /* PhotosViewCell.swift in Sources */ = {isa = PBXBuildFile; fileRef = 66A259B32B289E020054B6CE /* PhotosViewCell.swift */; };
		66A259BC2B289E030054B6CE /* FriendsContoller.swift in Sources */ = {isa = PBXBuildFile; fileRef = 66A259B52B289E020054B6CE /* FriendsContoller.swift */; };
		66A259BD2B289E030054B6CE /* FriendsViewCell.swift in Sources */ = {isa = PBXBuildFile; fileRef = 66A259B62B289E020054B6CE /* FriendsViewCell.swift */; };
		66A259BE2B289E030054B6CE /* GroupsViewCell.swift in Sources */ = {isa = PBXBuildFile; fileRef = 66A259B82B289E030054B6CE /* GroupsViewCell.swift */; };
		66A259BF2B289E030054B6CE /* GroupsController.swift in Sources */ = {isa = PBXBuildFile; fileRef = 66A259B92B289E030054B6CE /* GroupsController.swift */; };
		66A259C12B289F300054B6CE /* APIManager.swift in Sources */ = {isa = PBXBuildFile; fileRef = 66A259C02B289F300054B6CE /* APIManager.swift */; };
		66A259C42B289FB20054B6CE /* PhotosModel.swift in Sources */ = {isa = PBXBuildFile; fileRef = 66A259C32B289FB20054B6CE /* PhotosModel.swift */; };
		66A259C62B289FDC0054B6CE /* FriendsModel.swift in Sources */ = {isa = PBXBuildFile; fileRef = 66A259C52B289FDC0054B6CE /* FriendsModel.swift */; };
		66A259C82B289FFC0054B6CE /* GroupsModel.swift in Sources */ = {isa = PBXBuildFile; fileRef = 66A259C72B289FFC0054B6CE /* GroupsModel.swift */; };
/* End PBXBuildFile section */

/* Begin PBXFileReference section */
		668F3A222B287E9A00B7E086 /* lesson03Hw01.app */ = {isa = PBXFileReference; explicitFileType = wrapper.application; includeInIndex = 0; path = lesson03Hw01.app; sourceTree = BUILT_PRODUCTS_DIR; };
		668F3A252B287E9A00B7E086 /* AppDelegate.swift */ = {isa = PBXFileReference; lastKnownFileType = sourcecode.swift; path = AppDelegate.swift; sourceTree = "<group>"; };
		668F3A272B287E9A00B7E086 /* SceneDelegate.swift */ = {isa = PBXFileReference; lastKnownFileType = sourcecode.swift; path = SceneDelegate.swift; sourceTree = "<group>"; };
		668F3A292B287E9A00B7E086 /* ViewController.swift */ = {isa = PBXFileReference; lastKnownFileType = sourcecode.swift; path = ViewController.swift; sourceTree = "<group>"; };
		668F3A2E2B287E9C00B7E086 /* Assets.xcassets */ = {isa = PBXFileReference; lastKnownFileType = folder.assetcatalog; path = Assets.xcassets; sourceTree = "<group>"; };
		668F3A312B287E9C00B7E086 /* Base */ = {isa = PBXFileReference; lastKnownFileType = file.storyboard; name = Base; path = Base.lproj/LaunchScreen.storyboard; sourceTree = "<group>"; };
		668F3A332B287E9C00B7E086 /* Info.plist */ = {isa = PBXFileReference; lastKnownFileType = text.plist.xml; path = Info.plist; sourceTree = "<group>"; };
		66A259AF2B289C910054B6CE /* TabBarController.swift */ = {isa = PBXFileReference; lastKnownFileType = sourcecode.swift; path = TabBarController.swift; sourceTree = "<group>"; };
		66A259B22B289E020054B6CE /* PhotosController.swift */ = {isa = PBXFileReference; fileEncoding = 4; lastKnownFileType = sourcecode.swift; path = PhotosController.swift; sourceTree = "<group>"; };
		66A259B32B289E020054B6CE /* PhotosViewCell.swift */ = {isa = PBXFileReference; fileEncoding = 4; lastKnownFileType = sourcecode.swift; path = PhotosViewCell.swift; sourceTree = "<group>"; };
		66A259B52B289E020054B6CE /* FriendsContoller.swift */ = {isa = PBXFileReference; fileEncoding = 4; lastKnownFileType = sourcecode.swift; path = FriendsContoller.swift; sourceTree = "<group>"; };
		66A259B62B289E020054B6CE /* FriendsViewCell.swift */ = {isa = PBXFileReference; fileEncoding = 4; lastKnownFileType = sourcecode.swift; path = FriendsViewCell.swift; sourceTree = "<group>"; };
		66A259B82B289E030054B6CE /* GroupsViewCell.swift */ = {isa = PBXFileReference; fileEncoding = 4; lastKnownFileType = sourcecode.swift; path = GroupsViewCell.swift; sourceTree = "<group>"; };
		66A259B92B289E030054B6CE /* GroupsController.swift */ = {isa = PBXFileReference; fileEncoding = 4; lastKnownFileType = sourcecode.swift; path = GroupsController.swift; sourceTree = "<group>"; };
		66A259C02B289F300054B6CE /* APIManager.swift */ = {isa = PBXFileReference; lastKnownFileType = sourcecode.swift; path = APIManager.swift; sourceTree = "<group>"; };
		66A259C32B289FB20054B6CE /* PhotosModel.swift */ = {isa = PBXFileReference; lastKnownFileType = sourcecode.swift; path = PhotosModel.swift; sourceTree = "<group>"; };
		66A259C52B289FDC0054B6CE /* FriendsModel.swift */ = {isa = PBXFileReference; lastKnownFileType = sourcecode.swift; path = FriendsModel.swift; sourceTree = "<group>"; };
		66A259C72B289FFC0054B6CE /* GroupsModel.swift */ = {isa = PBXFileReference; lastKnownFileType = sourcecode.swift; path = GroupsModel.swift; sourceTree = "<group>"; };
/* End PBXFileReference section */

/* Begin PBXFrameworksBuildPhase section */
		668F3A1F2B287E9A00B7E086 /* Frameworks */ = {
			isa = PBXFrameworksBuildPhase;
			buildActionMask = 2147483647;
			files = (
			);
			runOnlyForDeploymentPostprocessing = 0;
		};
/* End PBXFrameworksBuildPhase section */

/* Begin PBXGroup section */
		668F3A192B287E9A00B7E086 = {
			isa = PBXGroup;
			children = (
				668F3A242B287E9A00B7E086 /* lesson03Hw01 */,
				668F3A232B287E9A00B7E086 /* Products */,
			);
			sourceTree = "<group>";
		};
		668F3A232B287E9A00B7E086 /* Products */ = {
			isa = PBXGroup;
			children = (
				668F3A222B287E9A00B7E086 /* lesson03Hw01.app */,
			);
			name = Products;
			sourceTree = "<group>";
		};
		668F3A242B287E9A00B7E086 /* lesson03Hw01 */ = {
			isa = PBXGroup;
			children = (
				66A259C22B289F860054B6CE /* Models */,
				66A259B42B289E020054B6CE /* Friends */,
				66A259B72B289E030054B6CE /* Groups */,
				66A259B12B289E020054B6CE /* Photos */,
				668F3A252B287E9A00B7E086 /* AppDelegate.swift */,
				66A259AF2B289C910054B6CE /* TabBarController.swift */,
				668F3A272B287E9A00B7E086 /* SceneDelegate.swift */,
				66A259C02B289F300054B6CE /* APIManager.swift */,
				668F3A292B287E9A00B7E086 /* ViewController.swift */,
				668F3A2E2B287E9C00B7E086 /* Assets.xcassets */,
				668F3A302B287E9C00B7E086 /* LaunchScreen.storyboard */,
				668F3A332B287E9C00B7E086 /* Info.plist */,
			);
			path = lesson03Hw01;
			sourceTree = "<group>";
		};
		66A259B12B289E020054B6CE /* Photos */ = {
			isa = PBXGroup;
			children = (
				66A259B22B289E020054B6CE /* PhotosController.swift */,
				66A259B32B289E020054B6CE /* PhotosViewCell.swift */,
			);
			name = Photos;
			path = ../../lesson02Hw01/lesson02Hw01/Photos;
			sourceTree = "<group>";
		};
		66A259B42B289E020054B6CE /* Friends */ = {
			isa = PBXGroup;
			children = (
				66A259B52B289E020054B6CE /* FriendsContoller.swift */,
				66A259B62B289E020054B6CE /* FriendsViewCell.swift */,
			);
			name = Friends;
			path = ../../lesson02Hw01/lesson02Hw01/Friends;
			sourceTree = "<group>";
		};
		66A259B72B289E030054B6CE /* Groups */ = {
			isa = PBXGroup;
			children = (
				66A259B82B289E030054B6CE /* GroupsViewCell.swift */,
				66A259B92B289E030054B6CE /* GroupsController.swift */,
			);
			name = Groups;
			path = ../../lesson02Hw01/lesson02Hw01/Groups;
			sourceTree = "<group>";
		};
		66A259C22B289F860054B6CE /* Models */ = {
			isa = PBXGroup;
			children = (
				66A259C32B289FB20054B6CE /* PhotosModel.swift */,
				66A259C52B289FDC0054B6CE /* FriendsModel.swift */,
				66A259C72B289FFC0054B6CE /* GroupsModel.swift */,
			);
			path = Models;
			sourceTree = "<group>";
		};
/* End PBXGroup section */

/* Begin PBXNativeTarget section */
		668F3A212B287E9A00B7E086 /* lesson03Hw01 */ = {
			isa = PBXNativeTarget;
			buildConfigurationList = 668F3A362B287E9C00B7E086 /* Build configuration list for PBXNativeTarget "lesson03Hw01" */;
			buildPhases = (
				668F3A1E2B287E9A00B7E086 /* Sources */,
				668F3A1F2B287E9A00B7E086 /* Frameworks */,
				668F3A202B287E9A00B7E086 /* Resources */,
			);
			buildRules = (
			);
			dependencies = (
			);
			name = lesson03Hw01;
			productName = lesson03Hw01;
			productReference = 668F3A222B287E9A00B7E086 /* lesson03Hw01.app */;
			productType = "com.apple.product-type.application";
		};
/* End PBXNativeTarget section */

/* Begin PBXProject section */
		668F3A1A2B287E9A00B7E086 /* Project object */ = {
			isa = PBXProject;
			attributes = {
				BuildIndependentTargetsInParallel = 1;
				LastSwiftUpdateCheck = 1500;
				LastUpgradeCheck = 1500;
				TargetAttributes = {
					668F3A212B287E9A00B7E086 = {
						CreatedOnToolsVersion = 15.0.1;
					};
				};
			};
			buildConfigurationList = 668F3A1D2B287E9A00B7E086 /* Build configuration list for PBXProject "lesson03Hw01" */;
			compatibilityVersion = "Xcode 14.0";
			developmentRegion = en;
			hasScannedForEncodings = 0;
			knownRegions = (
				en,
				Base,
			);
			mainGroup = 668F3A192B287E9A00B7E086;
			productRefGroup = 668F3A232B287E9A00B7E086 /* Products */;
			projectDirPath = "";
			projectRoot = "";
			targets = (
				668F3A212B287E9A00B7E086 /* lesson03Hw01 */,
			);
		};
/* End PBXProject section */

/* Begin PBXResourcesBuildPhase section */
		668F3A202B287E9A00B7E086 /* Resources */ = {
			isa = PBXResourcesBuildPhase;
			buildActionMask = 2147483647;
			files = (
				668F3A322B287E9C00B7E086 /* LaunchScreen.storyboard in Resources */,
				668F3A2F2B287E9C00B7E086 /* Assets.xcassets in Resources */,
			);
			runOnlyForDeploymentPostprocessing = 0;
		};
/* End PBXResourcesBuildPhase section */

/* Begin PBXSourcesBuildPhase section */
		668F3A1E2B287E9A00B7E086 /* Sources */ = {
			isa = PBXSourcesBuildPhase;
			buildActionMask = 2147483647;
			files = (
				668F3A2A2B287E9A00B7E086 /* ViewController.swift in Sources */,
				66A259BB2B289E030054B6CE /* PhotosViewCell.swift in Sources */,
				66A259BC2B289E030054B6CE /* FriendsContoller.swift in Sources */,
				66A259C62B289FDC0054B6CE /* FriendsModel.swift in Sources */,
				66A259BA2B289E030054B6CE /* PhotosController.swift in Sources */,
				66A259C12B289F300054B6CE /* APIManager.swift in Sources */,
				66A259B02B289C910054B6CE /* TabBarController.swift in Sources */,
				66A259BF2B289E030054B6CE /* GroupsController.swift in Sources */,
				66A259BE2B289E030054B6CE /* GroupsViewCell.swift in Sources */,
				66A259C42B289FB20054B6CE /* PhotosModel.swift in Sources */,
				668F3A262B287E9A00B7E086 /* AppDelegate.swift in Sources */,
				66A259C82B289FFC0054B6CE /* GroupsModel.swift in Sources */,
				66A259BD2B289E030054B6CE /* FriendsViewCell.swift in Sources */,
				668F3A282B287E9A00B7E086 /* SceneDelegate.swift in Sources */,
			);
			runOnlyForDeploymentPostprocessing = 0;
		};
/* End PBXSourcesBuildPhase section */

/* Begin PBXVariantGroup section */
		668F3A302B287E9C00B7E086 /* LaunchScreen.storyboard */ = {
			isa = PBXVariantGroup;
			children = (
				668F3A312B287E9C00B7E086 /* Base */,
			);
			name = LaunchScreen.storyboard;
			sourceTree = "<group>";
		};
/* End PBXVariantGroup section */

/* Begin XCBuildConfiguration section */
		668F3A342B287E9C00B7E086 /* Debug */ = {
			isa = XCBuildConfiguration;
			buildSettings = {
				ALWAYS_SEARCH_USER_PATHS = NO;
				ASSETCATALOG_COMPILER_GENERATE_SWIFT_ASSET_SYMBOL_EXTENSIONS = YES;
				CLANG_ANALYZER_NONNULL = YES;
				CLANG_ANALYZER_NUMBER_OBJECT_CONVERSION = YES_AGGRESSIVE;
				CLANG_CXX_LANGUAGE_STANDARD = "gnu++20";
				CLANG_ENABLE_MODULES = YES;
				CLANG_ENABLE_OBJC_ARC = YES;
				CLANG_ENABLE_OBJC_WEAK = YES;
				CLANG_WARN_BLOCK_CAPTURE_AUTORELEASING = YES;
				CLANG_WARN_BOOL_CONVERSION = YES;
				CLANG_WARN_COMMA = YES;
				CLANG_WARN_CONSTANT_CONVERSION = YES;
				CLANG_WARN_DEPRECATED_OBJC_IMPLEMENTATIONS = YES;
				CLANG_WARN_DIRECT_OBJC_ISA_USAGE = YES_ERROR;
				CLANG_WARN_DOCUMENTATION_COMMENTS = YES;
				CLANG_WARN_EMPTY_BODY = YES;
				CLANG_WARN_ENUM_CONVERSION = YES;
				CLANG_WARN_INFINITE_RECURSION = YES;
				CLANG_WARN_INT_CONVERSION = YES;
				CLANG_WARN_NON_LITERAL_NULL_CONVERSION = YES;
				CLANG_WARN_OBJC_IMPLICIT_RETAIN_SELF = YES;
				CLANG_WARN_OBJC_LITERAL_CONVERSION = YES;
				CLANG_WARN_OBJC_ROOT_CLASS = YES_ERROR;
				CLANG_WARN_QUOTED_INCLUDE_IN_FRAMEWORK_HEADER = YES;
				CLANG_WARN_RANGE_LOOP_ANALYSIS = YES;
				CLANG_WARN_STRICT_PROTOTYPES = YES;
				CLANG_WARN_SUSPICIOUS_MOVE = YES;
				CLANG_WARN_UNGUARDED_AVAILABILITY = YES_AGGRESSIVE;
				CLANG_WARN_UNREACHABLE_CODE = YES;
				CLANG_WARN__DUPLICATE_METHOD_MATCH = YES;
				COPY_PHASE_STRIP = NO;
				DEBUG_INFORMATION_FORMAT = dwarf;
				ENABLE_STRICT_OBJC_MSGSEND = YES;
				ENABLE_TESTABILITY = YES;
				ENABLE_USER_SCRIPT_SANDBOXING = YES;
				GCC_C_LANGUAGE_STANDARD = gnu17;
				GCC_DYNAMIC_NO_PIC = NO;
				GCC_NO_COMMON_BLOCKS = YES;
				GCC_OPTIMIZATION_LEVEL = 0;
				GCC_PREPROCESSOR_DEFINITIONS = (
					"DEBUG=1",
					"$(inherited)",
				);
				GCC_WARN_64_TO_32_BIT_CONVERSION = YES;
				GCC_WARN_ABOUT_RETURN_TYPE = YES_ERROR;
				GCC_WARN_UNDECLARED_SELECTOR = YES;
				GCC_WARN_UNINITIALIZED_AUTOS = YES_AGGRESSIVE;
				GCC_WARN_UNUSED_FUNCTION = YES;
				GCC_WARN_UNUSED_VARIABLE = YES;
				IPHONEOS_DEPLOYMENT_TARGET = 17.0;
				LOCALIZATION_PREFERS_STRING_CATALOGS = YES;
				MTL_ENABLE_DEBUG_INFO = INCLUDE_SOURCE;
				MTL_FAST_MATH = YES;
				ONLY_ACTIVE_ARCH = YES;
				SDKROOT = iphoneos;
				SWIFT_ACTIVE_COMPILATION_CONDITIONS = "DEBUG $(inherited)";
				SWIFT_OPTIMIZATION_LEVEL = "-Onone";
			};
			name = Debug;
		};
		668F3A352B287E9C00B7E086 /* Release */ = {
			isa = XCBuildConfiguration;
			buildSettings = {
				ALWAYS_SEARCH_USER_PATHS = NO;
				ASSETCATALOG_COMPILER_GENERATE_SWIFT_ASSET_SYMBOL_EXTENSIONS = YES;
				CLANG_ANALYZER_NONNULL = YES;
				CLANG_ANALYZER_NUMBER_OBJECT_CONVERSION = YES_AGGRESSIVE;
				CLANG_CXX_LANGUAGE_STANDARD = "gnu++20";
				CLANG_ENABLE_MODULES = YES;
				CLANG_ENABLE_OBJC_ARC = YES;
				CLANG_ENABLE_OBJC_WEAK = YES;
				CLANG_WARN_BLOCK_CAPTURE_AUTORELEASING = YES;
				CLANG_WARN_BOOL_CONVERSION = YES;
				CLANG_WARN_COMMA = YES;
				CLANG_WARN_CONSTANT_CONVERSION = YES;
				CLANG_WARN_DEPRECATED_OBJC_IMPLEMENTATIONS = YES;
				CLANG_WARN_DIRECT_OBJC_ISA_USAGE = YES_ERROR;
				CLANG_WARN_DOCUMENTATION_COMMENTS = YES;
				CLANG_WARN_EMPTY_BODY = YES;
				CLANG_WARN_ENUM_CONVERSION = YES;
				CLANG_WARN_INFINITE_RECURSION = YES;
				CLANG_WARN_INT_CONVERSION = YES;
				CLANG_WARN_NON_LITERAL_NULL_CONVERSION = YES;
				CLANG_WARN_OBJC_IMPLICIT_RETAIN_SELF = YES;
				CLANG_WARN_OBJC_LITERAL_CONVERSION = YES;
				CLANG_WARN_OBJC_ROOT_CLASS = YES_ERROR;
				CLANG_WARN_QUOTED_INCLUDE_IN_FRAMEWORK_HEADER = YES;
				CLANG_WARN_RANGE_LOOP_ANALYSIS = YES;
				CLANG_WARN_STRICT_PROTOTYPES = YES;
				CLANG_WARN_SUSPICIOUS_MOVE = YES;
				CLANG_WARN_UNGUARDED_AVAILABILITY = YES_AGGRESSIVE;
				CLANG_WARN_UNREACHABLE_CODE = YES;
				CLANG_WARN__DUPLICATE_METHOD_MATCH = YES;
				COPY_PHASE_STRIP = NO;
				DEBUG_INFORMATION_FORMAT = "dwarf-with-dsym";
				ENABLE_NS_ASSERTIONS = NO;
				ENABLE_STRICT_OBJC_MSGSEND = YES;
				ENABLE_USER_SCRIPT_SANDBOXING = YES;
				GCC_C_LANGUAGE_STANDARD = gnu17;
				GCC_NO_COMMON_BLOCKS = YES;
				GCC_WARN_64_TO_32_BIT_CONVERSION = YES;
				GCC_WARN_ABOUT_RETURN_TYPE = YES_ERROR;
				GCC_WARN_UNDECLARED_SELECTOR = YES;
				GCC_WARN_UNINITIALIZED_AUTOS = YES_AGGRESSIVE;
				GCC_WARN_UNUSED_FUNCTION = YES;
				GCC_WARN_UNUSED_VARIABLE = YES;
				IPHONEOS_DEPLOYMENT_TARGET = 17.0;
				LOCALIZATION_PREFERS_STRING_CATALOGS = YES;
				MTL_ENABLE_DEBUG_INFO = NO;
				MTL_FAST_MATH = YES;
				SDKROOT = iphoneos;
				SWIFT_COMPILATION_MODE = wholemodule;
				VALIDATE_PRODUCT = YES;
			};
			name = Release;
		};
		668F3A372B287E9C00B7E086 /* Debug */ = {
			isa = XCBuildConfiguration;
			buildSettings = {
				ASSETCATALOG_COMPILER_APPICON_NAME = AppIcon;
				ASSETCATALOG_COMPILER_GLOBAL_ACCENT_COLOR_NAME = AccentColor;
				CODE_SIGN_STYLE = Automatic;
				CURRENT_PROJECT_VERSION = 1;
				DEVELOPMENT_TEAM = B8JQB3WW59;
				GENERATE_INFOPLIST_FILE = YES;
				INFOPLIST_FILE = lesson03Hw01/Info.plist;
				INFOPLIST_KEY_UIApplicationSupportsIndirectInputEvents = YES;
				INFOPLIST_KEY_UILaunchStoryboardName = LaunchScreen;
				INFOPLIST_KEY_UISupportedInterfaceOrientations_iPad = "UIInterfaceOrientationPortrait UIInterfaceOrientationPortraitUpsideDown UIInterfaceOrientationLandscapeLeft UIInterfaceOrientationLandscapeRight";
				INFOPLIST_KEY_UISupportedInterfaceOrientations_iPhone = "UIInterfaceOrientationPortrait UIInterfaceOrientationLandscapeLeft UIInterfaceOrientationLandscapeRight";
				LD_RUNPATH_SEARCH_PATHS = (
					"$(inherited)",
					"@executable_path/Frameworks",
				);
				MARKETING_VERSION = 1.0;
				PRODUCT_BUNDLE_IDENTIFIER = com.yakovpn.lesson03Hw01;
				PRODUCT_NAME = "$(TARGET_NAME)";
				SWIFT_EMIT_LOC_STRINGS = YES;
				SWIFT_VERSION = 5.0;
				TARGETED_DEVICE_FAMILY = "1,2";
			};
			name = Debug;
		};
		668F3A382B287E9C00B7E086 /* Release */ = {
			isa = XCBuildConfiguration;
			buildSettings = {
				ASSETCATALOG_COMPILER_APPICON_NAME = AppIcon;
				ASSETCATALOG_COMPILER_GLOBAL_ACCENT_COLOR_NAME = AccentColor;
				CODE_SIGN_STYLE = Automatic;
				CURRENT_PROJECT_VERSION = 1;
				DEVELOPMENT_TEAM = B8JQB3WW59;
				GENERATE_INFOPLIST_FILE = YES;
				INFOPLIST_FILE = lesson03Hw01/Info.plist;
				INFOPLIST_KEY_UIApplicationSupportsIndirectInputEvents = YES;
				INFOPLIST_KEY_UILaunchStoryboardName = LaunchScreen;
				INFOPLIST_KEY_UISupportedInterfaceOrientations_iPad = "UIInterfaceOrientationPortrait UIInterfaceOrientationPortraitUpsideDown UIInterfaceOrientationLandscapeLeft UIInterfaceOrientationLandscapeRight";
				INFOPLIST_KEY_UISupportedInterfaceOrientations_iPhone = "UIInterfaceOrientationPortrait UIInterfaceOrientationLandscapeLeft UIInterfaceOrientationLandscapeRight";
				LD_RUNPATH_SEARCH_PATHS = (
					"$(inherited)",
					"@executable_path/Frameworks",
				);
				MARKETING_VERSION = 1.0;
				PRODUCT_BUNDLE_IDENTIFIER = com.yakovpn.lesson03Hw01;
				PRODUCT_NAME = "$(TARGET_NAME)";
				SWIFT_EMIT_LOC_STRINGS = YES;
				SWIFT_VERSION = 5.0;
				TARGETED_DEVICE_FAMILY = "1,2";
			};
			name = Release;
		};
/* End XCBuildConfiguration section */

/* Begin XCConfigurationList section */
		668F3A1D2B287E9A00B7E086 /* Build configuration list for PBXProject "lesson03Hw01" */ = {
			isa = XCConfigurationList;
			buildConfigurations = (
				668F3A342B287E9C00B7E086 /* Debug */,
				668F3A352B287E9C00B7E086 /* Release */,
			);
			defaultConfigurationIsVisible = 0;
			defaultConfigurationName = Release;
		};
		668F3A362B287E9C00B7E086 /* Build configuration list for PBXNativeTarget "lesson03Hw01" */ = {
			isa = XCConfigurationList;
			buildConfigurations = (
				668F3A372B287E9C00B7E086 /* Debug */,
				668F3A382B287E9C00B7E086 /* Release */,
			);
			defaultConfigurationIsVisible = 0;
			defaultConfigurationName = Release;
		};
/* End XCConfigurationList section */
	};
	rootObject = 668F3A1A2B287E9A00B7E086 /* Project object */;
}
