// !$*UTF8*$!
{
	archiveVersion = 1;
	classes = {
	};
	objectVersion = 56;
	objects = {

/* Begin PBXBuildFile section */
		66966C932B12279A009DE006 /* TableExample2ViewController.swift in Sources */ = {isa = PBXBuildFile; fileRef = 66966C922B12279A009DE006 /* TableExample2ViewController.swift */; };
		66966C972B1229CC009DE006 /* CustomTableViewCell.swift in Sources */ = {isa = PBXBuildFile; fileRef = 66966C962B1229CC009DE006 /* CustomTableViewCell.swift */; };
		66966C9A2B122AAB009DE006 /* CollectionViewController.swift in Sources */ = {isa = PBXBuildFile; fileRef = 66966C992B122AAB009DE006 /* CollectionViewController.swift */; };
		66966C9D2B122AE1009DE006 /* CustomCollectionViewCell.swift in Sources */ = {isa = PBXBuildFile; fileRef = 66966C9C2B122AE1009DE006 /* CustomCollectionViewCell.swift */; };
		66966C9F2B122B0C009DE006 /* ImageViewController.swift in Sources */ = {isa = PBXBuildFile; fileRef = 66966C9E2B122B0C009DE006 /* ImageViewController.swift */; };
		669742912B1105D1008DAC91 /* AppDelegate.swift in Sources */ = {isa = PBXBuildFile; fileRef = 669742902B1105D1008DAC91 /* AppDelegate.swift */; };
		669742932B1105D1008DAC91 /* SceneDelegate.swift in Sources */ = {isa = PBXBuildFile; fileRef = 669742922B1105D1008DAC91 /* SceneDelegate.swift */; };
		669742952B1105D1008DAC91 /* ViewController.swift in Sources */ = {isa = PBXBuildFile; fileRef = 669742942B1105D1008DAC91 /* ViewController.swift */; };
		6697429A2B1105D3008DAC91 /* Assets.xcassets in Resources */ = {isa = PBXBuildFile; fileRef = 669742992B1105D3008DAC91 /* Assets.xcassets */; };
		6697429D2B1105D3008DAC91 /* LaunchScreen.storyboard in Resources */ = {isa = PBXBuildFile; fileRef = 6697429B2B1105D3008DAC91 /* LaunchScreen.storyboard */; };
		669742A82B1105D4008DAC91 /* example02Tests.swift in Sources */ = {isa = PBXBuildFile; fileRef = 669742A72B1105D4008DAC91 /* example02Tests.swift */; };
		669742B22B1105D4008DAC91 /* example02UITests.swift in Sources */ = {isa = PBXBuildFile; fileRef = 669742B12B1105D4008DAC91 /* example02UITests.swift */; };
		669742B42B1105D4008DAC91 /* example02UITestsLaunchTests.swift in Sources */ = {isa = PBXBuildFile; fileRef = 669742B32B1105D4008DAC91 /* example02UITestsLaunchTests.swift */; };
		669742C12B11086B008DAC91 /* TableExample1ViewController.swift in Sources */ = {isa = PBXBuildFile; fileRef = 669742C02B11086B008DAC91 /* TableExample1ViewController.swift */; };
/* End PBXBuildFile section */

/* Begin PBXContainerItemProxy section */
		669742A42B1105D4008DAC91 /* PBXContainerItemProxy */ = {
			isa = PBXContainerItemProxy;
			containerPortal = 669742852B1105D1008DAC91 /* Project object */;
			proxyType = 1;
			remoteGlobalIDString = 6697428C2B1105D1008DAC91;
			remoteInfo = example02;
		};
		669742AE2B1105D4008DAC91 /* PBXContainerItemProxy */ = {
			isa = PBXContainerItemProxy;
			containerPortal = 669742852B1105D1008DAC91 /* Project object */;
			proxyType = 1;
			remoteGlobalIDString = 6697428C2B1105D1008DAC91;
			remoteInfo = example02;
		};
/* End PBXContainerItemProxy section */

/* Begin PBXFileReference section */
		66966C922B12279A009DE006 /* TableExample2ViewController.swift */ = {isa = PBXFileReference; lastKnownFileType = sourcecode.swift; path = TableExample2ViewController.swift; sourceTree = "<group>"; };
		66966C962B1229CC009DE006 /* CustomTableViewCell.swift */ = {isa = PBXFileReference; lastKnownFileType = sourcecode.swift; path = CustomTableViewCell.swift; sourceTree = "<group>"; };
		66966C992B122AAB009DE006 /* CollectionViewController.swift */ = {isa = PBXFileReference; lastKnownFileType = sourcecode.swift; path = CollectionViewController.swift; sourceTree = "<group>"; };
		66966C9C2B122AE1009DE006 /* CustomCollectionViewCell.swift */ = {isa = PBXFileReference; lastKnownFileType = sourcecode.swift; path = CustomCollectionViewCell.swift; sourceTree = "<group>"; };
		66966C9E2B122B0C009DE006 /* ImageViewController.swift */ = {isa = PBXFileReference; lastKnownFileType = sourcecode.swift; path = ImageViewController.swift; sourceTree = "<group>"; };
		6697428D2B1105D1008DAC91 /* example02.app */ = {isa = PBXFileReference; explicitFileType = wrapper.application; includeInIndex = 0; path = example02.app; sourceTree = BUILT_PRODUCTS_DIR; };
		669742902B1105D1008DAC91 /* AppDelegate.swift */ = {isa = PBXFileReference; lastKnownFileType = sourcecode.swift; path = AppDelegate.swift; sourceTree = "<group>"; };
		669742922B1105D1008DAC91 /* SceneDelegate.swift */ = {isa = PBXFileReference; lastKnownFileType = sourcecode.swift; path = SceneDelegate.swift; sourceTree = "<group>"; };
		669742942B1105D1008DAC91 /* ViewController.swift */ = {isa = PBXFileReference; lastKnownFileType = sourcecode.swift; path = ViewController.swift; sourceTree = "<group>"; };
		669742992B1105D3008DAC91 /* Assets.xcassets */ = {isa = PBXFileReference; lastKnownFileType = folder.assetcatalog; path = Assets.xcassets; sourceTree = "<group>"; };
		6697429C2B1105D3008DAC91 /* Base */ = {isa = PBXFileReference; lastKnownFileType = file.storyboard; name = Base; path = Base.lproj/LaunchScreen.storyboard; sourceTree = "<group>"; };
		6697429E2B1105D3008DAC91 /* Info.plist */ = {isa = PBXFileReference; lastKnownFileType = text.plist.xml; path = Info.plist; sourceTree = "<group>"; };
		669742A32B1105D4008DAC91 /* example02Tests.xctest */ = {isa = PBXFileReference; explicitFileType = wrapper.cfbundle; includeInIndex = 0; path = example02Tests.xctest; sourceTree = BUILT_PRODUCTS_DIR; };
		669742A72B1105D4008DAC91 /* example02Tests.swift */ = {isa = PBXFileReference; lastKnownFileType = sourcecode.swift; path = example02Tests.swift; sourceTree = "<group>"; };
		669742AD2B1105D4008DAC91 /* example02UITests.xctest */ = {isa = PBXFileReference; explicitFileType = wrapper.cfbundle; includeInIndex = 0; path = example02UITests.xctest; sourceTree = BUILT_PRODUCTS_DIR; };
		669742B12B1105D4008DAC91 /* example02UITests.swift */ = {isa = PBXFileReference; lastKnownFileType = sourcecode.swift; path = example02UITests.swift; sourceTree = "<group>"; };
		669742B32B1105D4008DAC91 /* example02UITestsLaunchTests.swift */ = {isa = PBXFileReference; lastKnownFileType = sourcecode.swift; path = example02UITestsLaunchTests.swift; sourceTree = "<group>"; };
		669742C02B11086B008DAC91 /* TableExample1ViewController.swift */ = {isa = PBXFileReference; lastKnownFileType = sourcecode.swift; path = TableExample1ViewController.swift; sourceTree = "<group>"; };
/* End PBXFileReference section */

/* Begin PBXFrameworksBuildPhase section */
		6697428A2B1105D1008DAC91 /* Frameworks */ = {
			isa = PBXFrameworksBuildPhase;
			buildActionMask = 2147483647;
			files = (
			);
			runOnlyForDeploymentPostprocessing = 0;
		};
		669742A02B1105D4008DAC91 /* Frameworks */ = {
			isa = PBXFrameworksBuildPhase;
			buildActionMask = 2147483647;
			files = (
			);
			runOnlyForDeploymentPostprocessing = 0;
		};
		669742AA2B1105D4008DAC91 /* Frameworks */ = {
			isa = PBXFrameworksBuildPhase;
			buildActionMask = 2147483647;
			files = (
			);
			runOnlyForDeploymentPostprocessing = 0;
		};
/* End PBXFrameworksBuildPhase section */

/* Begin PBXGroup section */
		66966C942B122970009DE006 /* TableExample1 */ = {
			isa = PBXGroup;
			children = (
				669742C02B11086B008DAC91 /* TableExample1ViewController.swift */,
			);
			name = TableExample1;
			sourceTree = "<group>";
		};
		66966C952B122987009DE006 /* TableExample2 */ = {
			isa = PBXGroup;
			children = (
				66966C962B1229CC009DE006 /* CustomTableViewCell.swift */,
				66966C922B12279A009DE006 /* TableExample2ViewController.swift */,
			);
			path = TableExample2;
			sourceTree = "<group>";
		};
		66966C982B122A8A009DE006 /* CollectionExample */ = {
			isa = PBXGroup;
			children = (
				66966C992B122AAB009DE006 /* CollectionViewController.swift */,
				66966C9C2B122AE1009DE006 /* CustomCollectionViewCell.swift */,
				66966C9E2B122B0C009DE006 /* ImageViewController.swift */,
			);
			name = CollectionExample;
			sourceTree = "<group>";
		};
		669742842B1105D1008DAC91 = {
			isa = PBXGroup;
			children = (
				6697428F2B1105D1008DAC91 /* example02 */,
				669742A62B1105D4008DAC91 /* example02Tests */,
				669742B02B1105D4008DAC91 /* example02UITests */,
				6697428E2B1105D1008DAC91 /* Products */,
			);
			sourceTree = "<group>";
		};
		6697428E2B1105D1008DAC91 /* Products */ = {
			isa = PBXGroup;
			children = (
				6697428D2B1105D1008DAC91 /* example02.app */,
				669742A32B1105D4008DAC91 /* example02Tests.xctest */,
				669742AD2B1105D4008DAC91 /* example02UITests.xctest */,
			);
			name = Products;
			sourceTree = "<group>";
		};
		6697428F2B1105D1008DAC91 /* example02 */ = {
			isa = PBXGroup;
			children = (
				66966C982B122A8A009DE006 /* CollectionExample */,
				66966C952B122987009DE006 /* TableExample2 */,
				66966C942B122970009DE006 /* TableExample1 */,
				669742902B1105D1008DAC91 /* AppDelegate.swift */,
				669742922B1105D1008DAC91 /* SceneDelegate.swift */,
				669742942B1105D1008DAC91 /* ViewController.swift */,
				669742992B1105D3008DAC91 /* Assets.xcassets */,
				6697429B2B1105D3008DAC91 /* LaunchScreen.storyboard */,
				6697429E2B1105D3008DAC91 /* Info.plist */,
			);
			path = example02;
			sourceTree = "<group>";
		};
		669742A62B1105D4008DAC91 /* example02Tests */ = {
			isa = PBXGroup;
			children = (
				669742A72B1105D4008DAC91 /* example02Tests.swift */,
			);
			path = example02Tests;
			sourceTree = "<group>";
		};
		669742B02B1105D4008DAC91 /* example02UITests */ = {
			isa = PBXGroup;
			children = (
				669742B12B1105D4008DAC91 /* example02UITests.swift */,
				669742B32B1105D4008DAC91 /* example02UITestsLaunchTests.swift */,
			);
			path = example02UITests;
			sourceTree = "<group>";
		};
/* End PBXGroup section */

/* Begin PBXNativeTarget section */
		6697428C2B1105D1008DAC91 /* example02 */ = {
			isa = PBXNativeTarget;
			buildConfigurationList = 669742B72B1105D4008DAC91 /* Build configuration list for PBXNativeTarget "example02" */;
			buildPhases = (
				669742892B1105D1008DAC91 /* Sources */,
				6697428A2B1105D1008DAC91 /* Frameworks */,
				6697428B2B1105D1008DAC91 /* Resources */,
			);
			buildRules = (
			);
			dependencies = (
			);
			name = example02;
			productName = example02;
			productReference = 6697428D2B1105D1008DAC91 /* example02.app */;
			productType = "com.apple.product-type.application";
		};
		669742A22B1105D4008DAC91 /* example02Tests */ = {
			isa = PBXNativeTarget;
			buildConfigurationList = 669742BA2B1105D4008DAC91 /* Build configuration list for PBXNativeTarget "example02Tests" */;
			buildPhases = (
				6697429F2B1105D4008DAC91 /* Sources */,
				669742A02B1105D4008DAC91 /* Frameworks */,
				669742A12B1105D4008DAC91 /* Resources */,
			);
			buildRules = (
			);
			dependencies = (
				669742A52B1105D4008DAC91 /* PBXTargetDependency */,
			);
			name = example02Tests;
			productName = example02Tests;
			productReference = 669742A32B1105D4008DAC91 /* example02Tests.xctest */;
			productType = "com.apple.product-type.bundle.unit-test";
		};
		669742AC2B1105D4008DAC91 /* example02UITests */ = {
			isa = PBXNativeTarget;
			buildConfigurationList = 669742BD2B1105D4008DAC91 /* Build configuration list for PBXNativeTarget "example02UITests" */;
			buildPhases = (
				669742A92B1105D4008DAC91 /* Sources */,
				669742AA2B1105D4008DAC91 /* Frameworks */,
				669742AB2B1105D4008DAC91 /* Resources */,
			);
			buildRules = (
			);
			dependencies = (
				669742AF2B1105D4008DAC91 /* PBXTargetDependency */,
			);
			name = example02UITests;
			productName = example02UITests;
			productReference = 669742AD2B1105D4008DAC91 /* example02UITests.xctest */;
			productType = "com.apple.product-type.bundle.ui-testing";
		};
/* End PBXNativeTarget section */

/* Begin PBXProject section */
		669742852B1105D1008DAC91 /* Project object */ = {
			isa = PBXProject;
			attributes = {
				BuildIndependentTargetsInParallel = 1;
				LastSwiftUpdateCheck = 1430;
				LastUpgradeCheck = 1430;
				TargetAttributes = {
					6697428C2B1105D1008DAC91 = {
						CreatedOnToolsVersion = 14.3.1;
					};
					669742A22B1105D4008DAC91 = {
						CreatedOnToolsVersion = 14.3.1;
						TestTargetID = 6697428C2B1105D1008DAC91;
					};
					669742AC2B1105D4008DAC91 = {
						CreatedOnToolsVersion = 14.3.1;
						TestTargetID = 6697428C2B1105D1008DAC91;
					};
				};
			};
			buildConfigurationList = 669742882B1105D1008DAC91 /* Build configuration list for PBXProject "example02" */;
			compatibilityVersion = "Xcode 14.0";
			developmentRegion = en;
			hasScannedForEncodings = 0;
			knownRegions = (
				en,
				Base,
			);
			mainGroup = 669742842B1105D1008DAC91;
			productRefGroup = 6697428E2B1105D1008DAC91 /* Products */;
			projectDirPath = "";
			projectRoot = "";
			targets = (
				6697428C2B1105D1008DAC91 /* example02 */,
				669742A22B1105D4008DAC91 /* example02Tests */,
				669742AC2B1105D4008DAC91 /* example02UITests */,
			);
		};
/* End PBXProject section */

/* Begin PBXResourcesBuildPhase section */
		6697428B2B1105D1008DAC91 /* Resources */ = {
			isa = PBXResourcesBuildPhase;
			buildActionMask = 2147483647;
			files = (
				6697429D2B1105D3008DAC91 /* LaunchScreen.storyboard in Resources */,
				6697429A2B1105D3008DAC91 /* Assets.xcassets in Resources */,
			);
			runOnlyForDeploymentPostprocessing = 0;
		};
		669742A12B1105D4008DAC91 /* Resources */ = {
			isa = PBXResourcesBuildPhase;
			buildActionMask = 2147483647;
			files = (
			);
			runOnlyForDeploymentPostprocessing = 0;
		};
		669742AB2B1105D4008DAC91 /* Resources */ = {
			isa = PBXResourcesBuildPhase;
			buildActionMask = 2147483647;
			files = (
			);
			runOnlyForDeploymentPostprocessing = 0;
		};
/* End PBXResourcesBuildPhase section */

/* Begin PBXSourcesBuildPhase section */
		669742892B1105D1008DAC91 /* Sources */ = {
			isa = PBXSourcesBuildPhase;
			buildActionMask = 2147483647;
			files = (
				66966C972B1229CC009DE006 /* CustomTableViewCell.swift in Sources */,
				66966C9F2B122B0C009DE006 /* ImageViewController.swift in Sources */,
				669742952B1105D1008DAC91 /* ViewController.swift in Sources */,
				669742912B1105D1008DAC91 /* AppDelegate.swift in Sources */,
				66966C9D2B122AE1009DE006 /* CustomCollectionViewCell.swift in Sources */,
				66966C932B12279A009DE006 /* TableExample2ViewController.swift in Sources */,
				66966C9A2B122AAB009DE006 /* CollectionViewController.swift in Sources */,
				669742932B1105D1008DAC91 /* SceneDelegate.swift in Sources */,
				669742C12B11086B008DAC91 /* TableExample1ViewController.swift in Sources */,
			);
			runOnlyForDeploymentPostprocessing = 0;
		};
		6697429F2B1105D4008DAC91 /* Sources */ = {
			isa = PBXSourcesBuildPhase;
			buildActionMask = 2147483647;
			files = (
				669742A82B1105D4008DAC91 /* example02Tests.swift in Sources */,
			);
			runOnlyForDeploymentPostprocessing = 0;
		};
		669742A92B1105D4008DAC91 /* Sources */ = {
			isa = PBXSourcesBuildPhase;
			buildActionMask = 2147483647;
			files = (
				669742B22B1105D4008DAC91 /* example02UITests.swift in Sources */,
				669742B42B1105D4008DAC91 /* example02UITestsLaunchTests.swift in Sources */,
			);
			runOnlyForDeploymentPostprocessing = 0;
		};
/* End PBXSourcesBuildPhase section */

/* Begin PBXTargetDependency section */
		669742A52B1105D4008DAC91 /* PBXTargetDependency */ = {
			isa = PBXTargetDependency;
			target = 6697428C2B1105D1008DAC91 /* example02 */;
			targetProxy = 669742A42B1105D4008DAC91 /* PBXContainerItemProxy */;
		};
		669742AF2B1105D4008DAC91 /* PBXTargetDependency */ = {
			isa = PBXTargetDependency;
			target = 6697428C2B1105D1008DAC91 /* example02 */;
			targetProxy = 669742AE2B1105D4008DAC91 /* PBXContainerItemProxy */;
		};
/* End PBXTargetDependency section */

/* Begin PBXVariantGroup section */
		6697429B2B1105D3008DAC91 /* LaunchScreen.storyboard */ = {
			isa = PBXVariantGroup;
			children = (
				6697429C2B1105D3008DAC91 /* Base */,
			);
			name = LaunchScreen.storyboard;
			sourceTree = "<group>";
		};
/* End PBXVariantGroup section */

/* Begin XCBuildConfiguration section */
		669742B52B1105D4008DAC91 /* Debug */ = {
			isa = XCBuildConfiguration;
			buildSettings = {
				ALWAYS_SEARCH_USER_PATHS = NO;
				CLANG_ANALYZER_NONNULL = YES;
				CLANG_ANALYZER_NUMBER_OBJECT_CONVERSION = YES_AGGRESSIVE;
				CLANG_CXX_LANGUAGE_STANDARD = "gnu++20";
				CLANG_ENABLE_MODULES = YES;
				CLANG_ENABLE_OBJC_ARC = YES;
				CLANG_ENABLE_OBJC_WEAK = YES;
				CLANG_WARN_BLOCK_CAPTURE_AUTORELEASING = YES;
				CLANG_WARN_BOOL_CONVERSION = YES;
				CLANG_WARN_COMMA = YES;
				CLANG_WARN_CONSTANT_CONVERSION = YES;
				CLANG_WARN_DEPRECATED_OBJC_IMPLEMENTATIONS = YES;
				CLANG_WARN_DIRECT_OBJC_ISA_USAGE = YES_ERROR;
				CLANG_WARN_DOCUMENTATION_COMMENTS = YES;
				CLANG_WARN_EMPTY_BODY = YES;
				CLANG_WARN_ENUM_CONVERSION = YES;
				CLANG_WARN_INFINITE_RECURSION = YES;
				CLANG_WARN_INT_CONVERSION = YES;
				CLANG_WARN_NON_LITERAL_NULL_CONVERSION = YES;
				CLANG_WARN_OBJC_IMPLICIT_RETAIN_SELF = YES;
				CLANG_WARN_OBJC_LITERAL_CONVERSION = YES;
				CLANG_WARN_OBJC_ROOT_CLASS = YES_ERROR;
				CLANG_WARN_QUOTED_INCLUDE_IN_FRAMEWORK_HEADER = YES;
				CLANG_WARN_RANGE_LOOP_ANALYSIS = YES;
				CLANG_WARN_STRICT_PROTOTYPES = YES;
				CLANG_WARN_SUSPICIOUS_MOVE = YES;
				CLANG_WARN_UNGUARDED_AVAILABILITY = YES_AGGRESSIVE;
				CLANG_WARN_UNREACHABLE_CODE = YES;
				CLANG_WARN__DUPLICATE_METHOD_MATCH = YES;
				COPY_PHASE_STRIP = NO;
				DEBUG_INFORMATION_FORMAT = dwarf;
				ENABLE_STRICT_OBJC_MSGSEND = YES;
				ENABLE_TESTABILITY = YES;
				GCC_C_LANGUAGE_STANDARD = gnu11;
				GCC_DYNAMIC_NO_PIC = NO;
				GCC_NO_COMMON_BLOCKS = YES;
				GCC_OPTIMIZATION_LEVEL = 0;
				GCC_PREPROCESSOR_DEFINITIONS = (
					"DEBUG=1",
					"$(inherited)",
				);
				GCC_WARN_64_TO_32_BIT_CONVERSION = YES;
				GCC_WARN_ABOUT_RETURN_TYPE = YES_ERROR;
				GCC_WARN_UNDECLARED_SELECTOR = YES;
				GCC_WARN_UNINITIALIZED_AUTOS = YES_AGGRESSIVE;
				GCC_WARN_UNUSED_FUNCTION = YES;
				GCC_WARN_UNUSED_VARIABLE = YES;
				IPHONEOS_DEPLOYMENT_TARGET = 16.4;
				MTL_ENABLE_DEBUG_INFO = INCLUDE_SOURCE;
				MTL_FAST_MATH = YES;
				ONLY_ACTIVE_ARCH = YES;
				SDKROOT = iphoneos;
				SWIFT_ACTIVE_COMPILATION_CONDITIONS = DEBUG;
				SWIFT_OPTIMIZATION_LEVEL = "-Onone";
			};
			name = Debug;
		};
		669742B62B1105D4008DAC91 /* Release */ = {
			isa = XCBuildConfiguration;
			buildSettings = {
				ALWAYS_SEARCH_USER_PATHS = NO;
				CLANG_ANALYZER_NONNULL = YES;
				CLANG_ANALYZER_NUMBER_OBJECT_CONVERSION = YES_AGGRESSIVE;
				CLANG_CXX_LANGUAGE_STANDARD = "gnu++20";
				CLANG_ENABLE_MODULES = YES;
				CLANG_ENABLE_OBJC_ARC = YES;
				CLANG_ENABLE_OBJC_WEAK = YES;
				CLANG_WARN_BLOCK_CAPTURE_AUTORELEASING = YES;
				CLANG_WARN_BOOL_CONVERSION = YES;
				CLANG_WARN_COMMA = YES;
				CLANG_WARN_CONSTANT_CONVERSION = YES;
				CLANG_WARN_DEPRECATED_OBJC_IMPLEMENTATIONS = YES;
				CLANG_WARN_DIRECT_OBJC_ISA_USAGE = YES_ERROR;
				CLANG_WARN_DOCUMENTATION_COMMENTS = YES;
				CLANG_WARN_EMPTY_BODY = YES;
				CLANG_WARN_ENUM_CONVERSION = YES;
				CLANG_WARN_INFINITE_RECURSION = YES;
				CLANG_WARN_INT_CONVERSION = YES;
				CLANG_WARN_NON_LITERAL_NULL_CONVERSION = YES;
				CLANG_WARN_OBJC_IMPLICIT_RETAIN_SELF = YES;
				CLANG_WARN_OBJC_LITERAL_CONVERSION = YES;
				CLANG_WARN_OBJC_ROOT_CLASS = YES_ERROR;
				CLANG_WARN_QUOTED_INCLUDE_IN_FRAMEWORK_HEADER = YES;
				CLANG_WARN_RANGE_LOOP_ANALYSIS = YES;
				CLANG_WARN_STRICT_PROTOTYPES = YES;
				CLANG_WARN_SUSPICIOUS_MOVE = YES;
				CLANG_WARN_UNGUARDED_AVAILABILITY = YES_AGGRESSIVE;
				CLANG_WARN_UNREACHABLE_CODE = YES;
				CLANG_WARN__DUPLICATE_METHOD_MATCH = YES;
				COPY_PHASE_STRIP = NO;
				DEBUG_INFORMATION_FORMAT = "dwarf-with-dsym";
				ENABLE_NS_ASSERTIONS = NO;
				ENABLE_STRICT_OBJC_MSGSEND = YES;
				GCC_C_LANGUAGE_STANDARD = gnu11;
				GCC_NO_COMMON_BLOCKS = YES;
				GCC_WARN_64_TO_32_BIT_CONVERSION = YES;
				GCC_WARN_ABOUT_RETURN_TYPE = YES_ERROR;
				GCC_WARN_UNDECLARED_SELECTOR = YES;
				GCC_WARN_UNINITIALIZED_AUTOS = YES_AGGRESSIVE;
				GCC_WARN_UNUSED_FUNCTION = YES;
				GCC_WARN_UNUSED_VARIABLE = YES;
				IPHONEOS_DEPLOYMENT_TARGET = 16.4;
				MTL_ENABLE_DEBUG_INFO = NO;
				MTL_FAST_MATH = YES;
				SDKROOT = iphoneos;
				SWIFT_COMPILATION_MODE = wholemodule;
				SWIFT_OPTIMIZATION_LEVEL = "-O";
				VALIDATE_PRODUCT = YES;
			};
			name = Release;
		};
		669742B82B1105D4008DAC91 /* Debug */ = {
			isa = XCBuildConfiguration;
			buildSettings = {
				ASSETCATALOG_COMPILER_APPICON_NAME = AppIcon;
				ASSETCATALOG_COMPILER_GLOBAL_ACCENT_COLOR_NAME = AccentColor;
				CODE_SIGN_STYLE = Automatic;
				CURRENT_PROJECT_VERSION = 1;
				DEVELOPMENT_TEAM = B8JQB3WW59;
				GENERATE_INFOPLIST_FILE = YES;
				INFOPLIST_FILE = example02/Info.plist;
				INFOPLIST_KEY_UIApplicationSupportsIndirectInputEvents = YES;
				INFOPLIST_KEY_UILaunchStoryboardName = LaunchScreen;
				INFOPLIST_KEY_UISupportedInterfaceOrientations_iPad = "UIInterfaceOrientationPortrait UIInterfaceOrientationPortraitUpsideDown UIInterfaceOrientationLandscapeLeft UIInterfaceOrientationLandscapeRight";
				INFOPLIST_KEY_UISupportedInterfaceOrientations_iPhone = "UIInterfaceOrientationPortrait UIInterfaceOrientationLandscapeLeft UIInterfaceOrientationLandscapeRight";
				LD_RUNPATH_SEARCH_PATHS = (
					"$(inherited)",
					"@executable_path/Frameworks",
				);
				MARKETING_VERSION = 1.0;
				PRODUCT_BUNDLE_IDENTIFIER = com.yakovpn.example02;
				PRODUCT_NAME = "$(TARGET_NAME)";
				SWIFT_EMIT_LOC_STRINGS = YES;
				SWIFT_VERSION = 5.0;
				TARGETED_DEVICE_FAMILY = "1,2";
			};
			name = Debug;
		};
		669742B92B1105D4008DAC91 /* Release */ = {
			isa = XCBuildConfiguration;
			buildSettings = {
				ASSETCATALOG_COMPILER_APPICON_NAME = AppIcon;
				ASSETCATALOG_COMPILER_GLOBAL_ACCENT_COLOR_NAME = AccentColor;
				CODE_SIGN_STYLE = Automatic;
				CURRENT_PROJECT_VERSION = 1;
				DEVELOPMENT_TEAM = B8JQB3WW59;
				GENERATE_INFOPLIST_FILE = YES;
				INFOPLIST_FILE = example02/Info.plist;
				INFOPLIST_KEY_UIApplicationSupportsIndirectInputEvents = YES;
				INFOPLIST_KEY_UILaunchStoryboardName = LaunchScreen;
				INFOPLIST_KEY_UISupportedInterfaceOrientations_iPad = "UIInterfaceOrientationPortrait UIInterfaceOrientationPortraitUpsideDown UIInterfaceOrientationLandscapeLeft UIInterfaceOrientationLandscapeRight";
				INFOPLIST_KEY_UISupportedInterfaceOrientations_iPhone = "UIInterfaceOrientationPortrait UIInterfaceOrientationLandscapeLeft UIInterfaceOrientationLandscapeRight";
				LD_RUNPATH_SEARCH_PATHS = (
					"$(inherited)",
					"@executable_path/Frameworks",
				);
				MARKETING_VERSION = 1.0;
				PRODUCT_BUNDLE_IDENTIFIER = com.yakovpn.example02;
				PRODUCT_NAME = "$(TARGET_NAME)";
				SWIFT_EMIT_LOC_STRINGS = YES;
				SWIFT_VERSION = 5.0;
				TARGETED_DEVICE_FAMILY = "1,2";
			};
			name = Release;
		};
		669742BB2B1105D4008DAC91 /* Debug */ = {
			isa = XCBuildConfiguration;
			buildSettings = {
				ALWAYS_EMBED_SWIFT_STANDARD_LIBRARIES = YES;
				BUNDLE_LOADER = "$(TEST_HOST)";
				CODE_SIGN_STYLE = Automatic;
				CURRENT_PROJECT_VERSION = 1;
				DEVELOPMENT_TEAM = B8JQB3WW59;
				GENERATE_INFOPLIST_FILE = YES;
				IPHONEOS_DEPLOYMENT_TARGET = 16.4;
				MARKETING_VERSION = 1.0;
				PRODUCT_BUNDLE_IDENTIFIER = com.yakovpn.example02Tests;
				PRODUCT_NAME = "$(TARGET_NAME)";
				SWIFT_EMIT_LOC_STRINGS = NO;
				SWIFT_VERSION = 5.0;
				TARGETED_DEVICE_FAMILY = "1,2";
				TEST_HOST = "$(BUILT_PRODUCTS_DIR)/example02.app/$(BUNDLE_EXECUTABLE_FOLDER_PATH)/example02";
			};
			name = Debug;
		};
		669742BC2B1105D4008DAC91 /* Release */ = {
			isa = XCBuildConfiguration;
			buildSettings = {
				ALWAYS_EMBED_SWIFT_STANDARD_LIBRARIES = YES;
				BUNDLE_LOADER = "$(TEST_HOST)";
				CODE_SIGN_STYLE = Automatic;
				CURRENT_PROJECT_VERSION = 1;
				DEVELOPMENT_TEAM = B8JQB3WW59;
				GENERATE_INFOPLIST_FILE = YES;
				IPHONEOS_DEPLOYMENT_TARGET = 16.4;
				MARKETING_VERSION = 1.0;
				PRODUCT_BUNDLE_IDENTIFIER = com.yakovpn.example02Tests;
				PRODUCT_NAME = "$(TARGET_NAME)";
				SWIFT_EMIT_LOC_STRINGS = NO;
				SWIFT_VERSION = 5.0;
				TARGETED_DEVICE_FAMILY = "1,2";
				TEST_HOST = "$(BUILT_PRODUCTS_DIR)/example02.app/$(BUNDLE_EXECUTABLE_FOLDER_PATH)/example02";
			};
			name = Release;
		};
		669742BE2B1105D4008DAC91 /* Debug */ = {
			isa = XCBuildConfiguration;
			buildSettings = {
				ALWAYS_EMBED_SWIFT_STANDARD_LIBRARIES = YES;
				CODE_SIGN_STYLE = Automatic;
				CURRENT_PROJECT_VERSION = 1;
				DEVELOPMENT_TEAM = B8JQB3WW59;
				GENERATE_INFOPLIST_FILE = YES;
				MARKETING_VERSION = 1.0;
				PRODUCT_BUNDLE_IDENTIFIER = com.yakovpn.example02UITests;
				PRODUCT_NAME = "$(TARGET_NAME)";
				SWIFT_EMIT_LOC_STRINGS = NO;
				SWIFT_VERSION = 5.0;
				TARGETED_DEVICE_FAMILY = "1,2";
				TEST_TARGET_NAME = example02;
			};
			name = Debug;
		};
		669742BF2B1105D4008DAC91 /* Release */ = {
			isa = XCBuildConfiguration;
			buildSettings = {
				ALWAYS_EMBED_SWIFT_STANDARD_LIBRARIES = YES;
				CODE_SIGN_STYLE = Automatic;
				CURRENT_PROJECT_VERSION = 1;
				DEVELOPMENT_TEAM = B8JQB3WW59;
				GENERATE_INFOPLIST_FILE = YES;
				MARKETING_VERSION = 1.0;
				PRODUCT_BUNDLE_IDENTIFIER = com.yakovpn.example02UITests;
				PRODUCT_NAME = "$(TARGET_NAME)";
				SWIFT_EMIT_LOC_STRINGS = NO;
				SWIFT_VERSION = 5.0;
				TARGETED_DEVICE_FAMILY = "1,2";
				TEST_TARGET_NAME = example02;
			};
			name = Release;
		};
/* End XCBuildConfiguration section */

/* Begin XCConfigurationList section */
		669742882B1105D1008DAC91 /* Build configuration list for PBXProject "example02" */ = {
			isa = XCConfigurationList;
			buildConfigurations = (
				669742B52B1105D4008DAC91 /* Debug */,
				669742B62B1105D4008DAC91 /* Release */,
			);
			defaultConfigurationIsVisible = 0;
			defaultConfigurationName = Release;
		};
		669742B72B1105D4008DAC91 /* Build configuration list for PBXNativeTarget "example02" */ = {
			isa = XCConfigurationList;
			buildConfigurations = (
				669742B82B1105D4008DAC91 /* Debug */,
				669742B92B1105D4008DAC91 /* Release */,
			);
			defaultConfigurationIsVisible = 0;
			defaultConfigurationName = Release;
		};
		669742BA2B1105D4008DAC91 /* Build configuration list for PBXNativeTarget "example02Tests" */ = {
			isa = XCConfigurationList;
			buildConfigurations = (
				669742BB2B1105D4008DAC91 /* Debug */,
				669742BC2B1105D4008DAC91 /* Release */,
			);
			defaultConfigurationIsVisible = 0;
			defaultConfigurationName = Release;
		};
		669742BD2B1105D4008DAC91 /* Build configuration list for PBXNativeTarget "example02UITests" */ = {
			isa = XCConfigurationList;
			buildConfigurations = (
				669742BE2B1105D4008DAC91 /* Debug */,
				669742BF2B1105D4008DAC91 /* Release */,
			);
			defaultConfigurationIsVisible = 0;
			defaultConfigurationName = Release;
		};
/* End XCConfigurationList section */
	};
	rootObject = 669742852B1105D1008DAC91 /* Project object */;
}
